
Microsoft Visual Studio Solution File, Format Version 12.00
# Visual Studio 14
VisualStudioVersion = 14.0.25123.0
MinimumVisualStudioVersion = 10.0.40219.1
Project("{FAE04EC0-301F-11D3-BF4B-00C04F79EFBC}") = "GitHub.WCFRaw.Core.Api", "GitHub.WCFRaw.Core.Api.csproj", "{902EBF70-3EE1-4F45-9981-B99D038F691F}"
EndProject
Global
	GlobalSection(SolutionConfigurationPlatforms) = preSolution
		Debug|Any CPU = Debug|Any CPU
		Release|Any CPU = Release|Any CPU
	EndGlobalSection
	GlobalSection(ProjectConfigurationPlatforms) = postSolution
		{902EBF70-3EE1-4F45-9981-B99D038F691F}.Debug|Any CPU.ActiveCfg = Debug|Any CPU
		{902EBF70-3EE1-4F45-9981-B99D038F691F}.Debug|Any CPU.Build.0 = Debug|Any CPU
		{902EBF70-3EE1-4F45-9981-B99D038F691F}.Release|Any CPU.ActiveCfg = Release|Any CPU
		{902EBF70-3EE1-4F45-9981-B99D038F691F}.Release|Any CPU.Build.0 = Release|Any CPU
	EndGlobalSection
	GlobalSection(SolutionProperties) = preSolution
		HideSolutionNode = FALSE
	EndGlobalSection
EndGlobal
